
Microsoft Visual Studio Solution File, Format Version 12.00
# Visual Studio Version 16
VisualStudioVersion = 16.0.29306.81
MinimumVisualStudioVersion = 10.0.40219.1
Project("{FAE04EC0-301F-11D3-BF4B-00C04F79EFBC}") = "WzorceProjektowe_Labs", "WzorceProjektowe_Labs\WzorceProjektowe_Labs.csproj", "{ACACCAC7-285E-4BC2-85E5-7F438DFBB3A2}"
EndProject
Global
	GlobalSection(SolutionConfigurationPlatforms) = preSolution
		Debug|Any CPU = Debug|Any CPU
		Release|Any CPU = Release|Any CPU
	EndGlobalSection
	GlobalSection(ProjectConfigurationPlatforms) = postSolution
		{ACACCAC7-285E-4BC2-85E5-7F438DFBB3A2}.Debug|Any CPU.ActiveCfg = Debug|Any CPU
		{ACACCAC7-285E-4BC2-85E5-7F438DFBB3A2}.Debug|Any CPU.Build.0 = Debug|Any CPU
		{ACACCAC7-285E-4BC2-85E5-7F438DFBB3A2}.Release|Any CPU.ActiveCfg = Release|Any CPU
		{ACACCAC7-285E-4BC2-85E5-7F438DFBB3A2}.Release|Any CPU.Build.0 = Release|Any CPU
	EndGlobalSection
	GlobalSection(SolutionProperties) = preSolution
		HideSolutionNode = FALSE
	EndGlobalSection
	GlobalSection(ExtensibilityGlobals) = postSolution
		SolutionGuid = {8205D8E7-5CB5-439A-8DD1-0B35267884D8}
	EndGlobalSection
EndGlobal
