
Microsoft Visual Studio Solution File, Format Version 12.00
# Visual Studio Version 16
VisualStudioVersion = 16.0.29306.81
MinimumVisualStudioVersion = 10.0.40219.1
Project("{FAE04EC0-301F-11D3-BF4B-00C04F79EFBC}") = "Prototyp", "Prototyp\Prototyp.csproj", "{BD6AB5D6-7753-4555-BECC-3C3B76C3FC85}"
EndProject
Global
	GlobalSection(SolutionConfigurationPlatforms) = preSolution
		Debug|Any CPU = Debug|Any CPU
		Release|Any CPU = Release|Any CPU
	EndGlobalSection
	GlobalSection(ProjectConfigurationPlatforms) = postSolution
		{BD6AB5D6-7753-4555-BECC-3C3B76C3FC85}.Debug|Any CPU.ActiveCfg = Debug|Any CPU
		{BD6AB5D6-7753-4555-BECC-3C3B76C3FC85}.Debug|Any CPU.Build.0 = Debug|Any CPU
		{BD6AB5D6-7753-4555-BECC-3C3B76C3FC85}.Release|Any CPU.ActiveCfg = Release|Any CPU
		{BD6AB5D6-7753-4555-BECC-3C3B76C3FC85}.Release|Any CPU.Build.0 = Release|Any CPU
	EndGlobalSection
	GlobalSection(SolutionProperties) = preSolution
		HideSolutionNode = FALSE
	EndGlobalSection
	GlobalSection(ExtensibilityGlobals) = postSolution
		SolutionGuid = {E9889563-A09F-4B3A-BCF0-BFE27E17FE1B}
	EndGlobalSection
EndGlobal
