
Microsoft Visual Studio Solution File, Format Version 12.00
# Visual Studio Version 16
VisualStudioVersion = 16.0.29306.81
MinimumVisualStudioVersion = 10.0.40219.1
Project("{FAE04EC0-301F-11D3-BF4B-00C04F79EFBC}") = "Mediator", "Mediator\Mediator.csproj", "{6B8EA1CC-3D9F-4100-8D3B-EB32FE1C0D3F}"
EndProject
Global
	GlobalSection(SolutionConfigurationPlatforms) = preSolution
		Debug|Any CPU = Debug|Any CPU
		Release|Any CPU = Release|Any CPU
	EndGlobalSection
	GlobalSection(ProjectConfigurationPlatforms) = postSolution
		{6B8EA1CC-3D9F-4100-8D3B-EB32FE1C0D3F}.Debug|Any CPU.ActiveCfg = Debug|Any CPU
		{6B8EA1CC-3D9F-4100-8D3B-EB32FE1C0D3F}.Debug|Any CPU.Build.0 = Debug|Any CPU
		{6B8EA1CC-3D9F-4100-8D3B-EB32FE1C0D3F}.Release|Any CPU.ActiveCfg = Release|Any CPU
		{6B8EA1CC-3D9F-4100-8D3B-EB32FE1C0D3F}.Release|Any CPU.Build.0 = Release|Any CPU
	EndGlobalSection
	GlobalSection(SolutionProperties) = preSolution
		HideSolutionNode = FALSE
	EndGlobalSection
	GlobalSection(ExtensibilityGlobals) = postSolution
		SolutionGuid = {0C50E2E6-4C63-4A08-A407-1132F02AF143}
	EndGlobalSection
EndGlobal
