
Microsoft Visual Studio Solution File, Format Version 12.00
# Visual Studio Version 16
VisualStudioVersion = 16.0.29306.81
MinimumVisualStudioVersion = 10.0.40219.1
Project("{FAE04EC0-301F-11D3-BF4B-00C04F79EFBC}") = "Łańcuch Zobowiązań", "Łańcuch Zobowiązań\Łańcuch Zobowiązań.csproj", "{27FE3CCD-5B7E-4114-AA99-ACD4A9A0F824}"
EndProject
Global
	GlobalSection(SolutionConfigurationPlatforms) = preSolution
		Debug|Any CPU = Debug|Any CPU
		Release|Any CPU = Release|Any CPU
	EndGlobalSection
	GlobalSection(ProjectConfigurationPlatforms) = postSolution
		{27FE3CCD-5B7E-4114-AA99-ACD4A9A0F824}.Debug|Any CPU.ActiveCfg = Debug|Any CPU
		{27FE3CCD-5B7E-4114-AA99-ACD4A9A0F824}.Debug|Any CPU.Build.0 = Debug|Any CPU
		{27FE3CCD-5B7E-4114-AA99-ACD4A9A0F824}.Release|Any CPU.ActiveCfg = Release|Any CPU
		{27FE3CCD-5B7E-4114-AA99-ACD4A9A0F824}.Release|Any CPU.Build.0 = Release|Any CPU
	EndGlobalSection
	GlobalSection(SolutionProperties) = preSolution
		HideSolutionNode = FALSE
	EndGlobalSection
	GlobalSection(ExtensibilityGlobals) = postSolution
		SolutionGuid = {A435C656-95C0-4B93-BA3D-A29ADD4CA128}
	EndGlobalSection
EndGlobal
