
Microsoft Visual Studio Solution File, Format Version 12.00
# Visual Studio Version 16
VisualStudioVersion = 16.0.29306.81
MinimumVisualStudioVersion = 10.0.40219.1
Project("{FAE04EC0-301F-11D3-BF4B-00C04F79EFBC}") = "Fasada", "Fasada\Fasada.csproj", "{9F998E06-DB1C-4BC0-B566-798F27EA2D53}"
EndProject
Global
	GlobalSection(SolutionConfigurationPlatforms) = preSolution
		Debug|Any CPU = Debug|Any CPU
		Release|Any CPU = Release|Any CPU
	EndGlobalSection
	GlobalSection(ProjectConfigurationPlatforms) = postSolution
		{9F998E06-DB1C-4BC0-B566-798F27EA2D53}.Debug|Any CPU.ActiveCfg = Debug|Any CPU
		{9F998E06-DB1C-4BC0-B566-798F27EA2D53}.Debug|Any CPU.Build.0 = Debug|Any CPU
		{9F998E06-DB1C-4BC0-B566-798F27EA2D53}.Release|Any CPU.ActiveCfg = Release|Any CPU
		{9F998E06-DB1C-4BC0-B566-798F27EA2D53}.Release|Any CPU.Build.0 = Release|Any CPU
	EndGlobalSection
	GlobalSection(SolutionProperties) = preSolution
		HideSolutionNode = FALSE
	EndGlobalSection
	GlobalSection(ExtensibilityGlobals) = postSolution
		SolutionGuid = {6769C297-C8CD-4C46-8DF3-AC3F1A5A64B6}
	EndGlobalSection
EndGlobal
